{
  "originHash" : "a4cfd3ccd18706684e21ffbd1c9d2884085b38a7c5fb75937bef95ea5735cd9d",
  "pins" : [
    {
      "identity" : "d",
      "kind" : "remoteSourceControl",
      "location" : "https://github.com/tayloraswift/d",
      "state" : {
        "revision" : "4bd829e507693c14e90eaafa695e30f357295893",
        "version" : "0.1.1"
      }
    },
    {
      "identity" : "javascriptkit",
      "kind" : "remoteSourceControl",
      "location" : "https://github.com/swiftwasm/JavaScriptKit",
      "state" : {
        "revision" : "7510b04120bb26a25dd287af71de47065d577c7e",
        "version" : "0.33.1"
      }
    },
    {
      "identity" : "swift-collections",
      "kind" : "remoteSourceControl",
      "location" : "https://github.com/apple/swift-collections",
      "state" : {
        "revision" : "c1805596154bb3a265fd91b8ac0c4433b4348fb0",
        "version" : "1.2.0"
      }
    },
    {
      "identity" : "swift-numerics",
      "kind" : "remoteSourceControl",
      "location" : "https://github.com/apple/swift-numerics",
      "state" : {
        "revision" : "e0ec0f5f3af6f3e4d5e7a19d2af26b481acb6ba8",
        "version" : "1.0.3"
      }
    },
    {
      "identity" : "swift-syntax",
      "kind" : "remoteSourceControl",
      "location" : "https://github.com/swiftlang/swift-syntax",
      "state" : {
        "revision" : "0687f71944021d616d34d922343dcef086855920",
        "version" : "600.0.1"
      }
    }
  ],
  "version" : 3
}
